
Microsoft Visual Studio Solution File, Format Version 12.00
# Visual Studio Version 17
VisualStudioVersion = 17.3.32922.545
MinimumVisualStudioVersion = 10.0.40219.1
Project("{FAE04EC0-301F-11D3-BF4B-00C04F79EFBC}") = "HashTableAndBinaryTree", "HashTableAndBinaryTree\HashTableAndBinaryTree.csproj", "{5DE942E3-B18E-44B4-98D1-5E54C1CBC8E1}"
EndProject
Global
	GlobalSection(SolutionConfigurationPlatforms) = preSolution
		Debug|Any CPU = Debug|Any CPU
		Release|Any CPU = Release|Any CPU
	EndGlobalSection
	GlobalSection(ProjectConfigurationPlatforms) = postSolution
		{5DE942E3-B18E-44B4-98D1-5E54C1CBC8E1}.Debug|Any CPU.ActiveCfg = Debug|Any CPU
		{5DE942E3-B18E-44B4-98D1-5E54C1CBC8E1}.Debug|Any CPU.Build.0 = Debug|Any CPU
		{5DE942E3-B18E-44B4-98D1-5E54C1CBC8E1}.Release|Any CPU.ActiveCfg = Release|Any CPU
		{5DE942E3-B18E-44B4-98D1-5E54C1CBC8E1}.Release|Any CPU.Build.0 = Release|Any CPU
	EndGlobalSection
	GlobalSection(SolutionProperties) = preSolution
		HideSolutionNode = FALSE
	EndGlobalSection
	GlobalSection(ExtensibilityGlobals) = postSolution
		SolutionGuid = {0F3E73DB-72C2-451E-95D9-C4FC5B6A244C}
	EndGlobalSection
EndGlobal
